
Microsoft Visual Studio Solution File, Format Version 12.00
# Visual Studio Version 16
VisualStudioVersion = 16.0.30225.117
MinimumVisualStudioVersion = 10.0.40219.1
Project("{9A19103F-16F7-4668-BE54-9A1E7A4F7556}") = "SFS.Api", "SFS\SFS.Api.csproj", "{C133D26D-A040-42E6-B6BE-CDD634F4713A}"
EndProject
Project("{9A19103F-16F7-4668-BE54-9A1E7A4F7556}") = "SFS.Application", "Application\SFS.Application.csproj", "{D3239923-A51E-4EF3-AD83-7145C11188D6}"
EndProject
Project("{9A19103F-16F7-4668-BE54-9A1E7A4F7556}") = "SFS.Domain", "Domain\SFS.Domain.csproj", "{340B15BD-788F-4CF3-96EC-983C3CB7246C}"
EndProject
Project("{9A19103F-16F7-4668-BE54-9A1E7A4F7556}") = "SFS.Infrastructure", "Infrastructure\SFS.Infrastructure.csproj", "{4726950E-4C32-4EBA-B653-6A1D31041E67}"
EndProject
Global
	GlobalSection(SolutionConfigurationPlatforms) = preSolution
		Debug|Any CPU = Debug|Any CPU
		Release|Any CPU = Release|Any CPU
	EndGlobalSection
	GlobalSection(ProjectConfigurationPlatforms) = postSolution
		{C133D26D-A040-42E6-B6BE-CDD634F4713A}.Debug|Any CPU.ActiveCfg = Debug|Any CPU
		{C133D26D-A040-42E6-B6BE-CDD634F4713A}.Debug|Any CPU.Build.0 = Debug|Any CPU
		{C133D26D-A040-42E6-B6BE-CDD634F4713A}.Release|Any CPU.ActiveCfg = Release|Any CPU
		{C133D26D-A040-42E6-B6BE-CDD634F4713A}.Release|Any CPU.Build.0 = Release|Any CPU
		{D3239923-A51E-4EF3-AD83-7145C11188D6}.Debug|Any CPU.ActiveCfg = Debug|Any CPU
		{D3239923-A51E-4EF3-AD83-7145C11188D6}.Debug|Any CPU.Build.0 = Debug|Any CPU
		{D3239923-A51E-4EF3-AD83-7145C11188D6}.Release|Any CPU.ActiveCfg = Release|Any CPU
		{D3239923-A51E-4EF3-AD83-7145C11188D6}.Release|Any CPU.Build.0 = Release|Any CPU
		{340B15BD-788F-4CF3-96EC-983C3CB7246C}.Debug|Any CPU.ActiveCfg = Debug|Any CPU
		{340B15BD-788F-4CF3-96EC-983C3CB7246C}.Debug|Any CPU.Build.0 = Debug|Any CPU
		{340B15BD-788F-4CF3-96EC-983C3CB7246C}.Release|Any CPU.ActiveCfg = Release|Any CPU
		{340B15BD-788F-4CF3-96EC-983C3CB7246C}.Release|Any CPU.Build.0 = Release|Any CPU
		{4726950E-4C32-4EBA-B653-6A1D31041E67}.Debug|Any CPU.ActiveCfg = Debug|Any CPU
		{4726950E-4C32-4EBA-B653-6A1D31041E67}.Debug|Any CPU.Build.0 = Debug|Any CPU
		{4726950E-4C32-4EBA-B653-6A1D31041E67}.Release|Any CPU.ActiveCfg = Release|Any CPU
		{4726950E-4C32-4EBA-B653-6A1D31041E67}.Release|Any CPU.Build.0 = Release|Any CPU
	EndGlobalSection
	GlobalSection(SolutionProperties) = preSolution
		HideSolutionNode = FALSE
	EndGlobalSection
	GlobalSection(ExtensibilityGlobals) = postSolution
		SolutionGuid = {7672EF95-8288-4EC2-89EF-29BD81E83E05}
	EndGlobalSection
EndGlobal
